
Microsoft Visual Studio Solution File, Format Version 12.00
# Visual Studio Version 17
VisualStudioVersion = 17.1.32414.318
MinimumVisualStudioVersion = 10.0.40219.1
Project("{FAE04EC0-301F-11D3-BF4B-00C04F79EFBC}") = "ejercicio numero secreto", "ejercicio numero secreto\ejercicio numero secreto.csproj", "{2DF41B73-C8EA-4326-BC56-1B50C3615A07}"
EndProject
Global
	GlobalSection(SolutionConfigurationPlatforms) = preSolution
		Debug|Any CPU = Debug|Any CPU
		Release|Any CPU = Release|Any CPU
	EndGlobalSection
	GlobalSection(ProjectConfigurationPlatforms) = postSolution
		{2DF41B73-C8EA-4326-BC56-1B50C3615A07}.Debug|Any CPU.ActiveCfg = Debug|Any CPU
		{2DF41B73-C8EA-4326-BC56-1B50C3615A07}.Debug|Any CPU.Build.0 = Debug|Any CPU
		{2DF41B73-C8EA-4326-BC56-1B50C3615A07}.Release|Any CPU.ActiveCfg = Release|Any CPU
		{2DF41B73-C8EA-4326-BC56-1B50C3615A07}.Release|Any CPU.Build.0 = Release|Any CPU
	EndGlobalSection
	GlobalSection(SolutionProperties) = preSolution
		HideSolutionNode = FALSE
	EndGlobalSection
	GlobalSection(ExtensibilityGlobals) = postSolution
		SolutionGuid = {10AD6765-1E11-42D5-9D9E-4DF8F95243F2}
	EndGlobalSection
EndGlobal
